
Microsoft Visual Studio Solution File, Format Version 10.00
# Visual Studio 2008
Project("{FAE04EC0-301F-11D3-BF4B-00C04F79EFBC}") = "Mintw", "Mintw\Mintw.csproj", "{EC04203A-0577-4FDB-9FCD-FCE79129DA9A}"
EndProject
Project("{FAE04EC0-301F-11D3-BF4B-00C04F79EFBC}") = "Std.Network", "Std.Network\Std.Network.csproj", "{BC064822-04D8-4C44-9A4C-334AC7D3C046}"
EndProject
Project("{FAE04EC0-301F-11D3-BF4B-00C04F79EFBC}") = "Std.Tweak", "Std.Tweak\Std.Tweak.csproj", "{1FAD2DE7-2E4E-4853-B2CB-D8383FCA738D}"
EndProject
Global
	GlobalSection(SolutionConfigurationPlatforms) = preSolution
		Debug|Any CPU = Debug|Any CPU
		Release|Any CPU = Release|Any CPU
	EndGlobalSection
	GlobalSection(ProjectConfigurationPlatforms) = postSolution
		{EC04203A-0577-4FDB-9FCD-FCE79129DA9A}.Debug|Any CPU.ActiveCfg = Debug|Any CPU
		{EC04203A-0577-4FDB-9FCD-FCE79129DA9A}.Debug|Any CPU.Build.0 = Debug|Any CPU
		{EC04203A-0577-4FDB-9FCD-FCE79129DA9A}.Release|Any CPU.ActiveCfg = Release|Any CPU
		{EC04203A-0577-4FDB-9FCD-FCE79129DA9A}.Release|Any CPU.Build.0 = Release|Any CPU
		{BC064822-04D8-4C44-9A4C-334AC7D3C046}.Debug|Any CPU.ActiveCfg = Debug|Any CPU
		{BC064822-04D8-4C44-9A4C-334AC7D3C046}.Debug|Any CPU.Build.0 = Debug|Any CPU
		{BC064822-04D8-4C44-9A4C-334AC7D3C046}.Release|Any CPU.ActiveCfg = Release|Any CPU
		{BC064822-04D8-4C44-9A4C-334AC7D3C046}.Release|Any CPU.Build.0 = Release|Any CPU
		{1FAD2DE7-2E4E-4853-B2CB-D8383FCA738D}.Debug|Any CPU.ActiveCfg = Debug|Any CPU
		{1FAD2DE7-2E4E-4853-B2CB-D8383FCA738D}.Debug|Any CPU.Build.0 = Debug|Any CPU
		{1FAD2DE7-2E4E-4853-B2CB-D8383FCA738D}.Release|Any CPU.ActiveCfg = Release|Any CPU
		{1FAD2DE7-2E4E-4853-B2CB-D8383FCA738D}.Release|Any CPU.Build.0 = Release|Any CPU
	EndGlobalSection
	GlobalSection(SolutionProperties) = preSolution
		HideSolutionNode = FALSE
	EndGlobalSection
EndGlobal
